// !$*UTF8*$!
{
	archiveVersion = 1;
	classes = {
	};
	objectVersion = 51;
	objects = {

/* Begin PBXBuildFile section */
		024C6BC425FCC43C0054ADFF /* UIViewController+Extensions.swift in Sources */ = {isa = PBXBuildFile; fileRef = 024C6BC325FCC43C0054ADFF /* UIViewController+Extensions.swift */; };
		02617AEB25FAA08800430385 /* DeviceCell.swift in Sources */ = {isa = PBXBuildFile; fileRef = 02617AEA25FAA08800430385 /* DeviceCell.swift */; };
		02617AEF25FAA0B400430385 /* CollectionViewCell.swift in Sources */ = {isa = PBXBuildFile; fileRef = 02617AEE25FAA0B400430385 /* CollectionViewCell.swift */; };
		02617AF225FAA0D700430385 /* Reusable+Extensions.swift in Sources */ = {isa = PBXBuildFile; fileRef = 02617AF125FAA0D700430385 /* Reusable+Extensions.swift */; };
		02617AF525FAA3F600430385 /* DeviceCellViewModel.swift in Sources */ = {isa = PBXBuildFile; fileRef = 02617AF425FAA3F600430385 /* DeviceCellViewModel.swift */; };
		02617AF825FAA64F00430385 /* UICollectionView+Extensions.swift in Sources */ = {isa = PBXBuildFile; fileRef = 02617AF725FAA64F00430385 /* UICollectionView+Extensions.swift */; };
		02617AFB25FAA6A200430385 /* HomeViewModel.swift in Sources */ = {isa = PBXBuildFile; fileRef = 02617AFA25FAA6A200430385 /* HomeViewModel.swift */; };
		02617AFF25FAAD6400430385 /* HTTPMethod.swift in Sources */ = {isa = PBXBuildFile; fileRef = 02617AFE25FAAD6400430385 /* HTTPMethod.swift */; };
		02617B0325FAADBE00430385 /* HTTPHeaders.swift in Sources */ = {isa = PBXBuildFile; fileRef = 02617B0225FAADBE00430385 /* HTTPHeaders.swift */; };
		02617B0625FAAE0700430385 /* Request.swift in Sources */ = {isa = PBXBuildFile; fileRef = 02617B0525FAAE0700430385 /* Request.swift */; };
		02617B0A25FAAE3F00430385 /* JSONData+Extensions.swift in Sources */ = {isa = PBXBuildFile; fileRef = 02617B0925FAAE3F00430385 /* JSONData+Extensions.swift */; };
		02617B0D25FAAEF700430385 /* Networking.swift in Sources */ = {isa = PBXBuildFile; fileRef = 02617B0C25FAAEF700430385 /* Networking.swift */; };
		02617B1125FAAF0E00430385 /* NetworkError.swift in Sources */ = {isa = PBXBuildFile; fileRef = 02617B1025FAAF0E00430385 /* NetworkError.swift */; };
		02617B1525FAAF5800430385 /* DevicesRequest.swift in Sources */ = {isa = PBXBuildFile; fileRef = 02617B1425FAAF5800430385 /* DevicesRequest.swift */; };
		02617B1925FAAFF200430385 /* DevicesResponse.swift in Sources */ = {isa = PBXBuildFile; fileRef = 02617B1825FAAFF200430385 /* DevicesResponse.swift */; };
		02617B1C25FAB15900430385 /* OpenGateResponse.swift in Sources */ = {isa = PBXBuildFile; fileRef = 02617B1B25FAB15900430385 /* OpenGateResponse.swift */; };
		02617B1F25FAB7DF00430385 /* CollectionView.swift in Sources */ = {isa = PBXBuildFile; fileRef = 02617B1E25FAB7DF00430385 /* CollectionView.swift */; };
		02DD40E225ED86150060BA75 /* AppDelegate.swift in Sources */ = {isa = PBXBuildFile; fileRef = 02DD40E125ED86150060BA75 /* AppDelegate.swift */; };
		02DD40E425ED86150060BA75 /* SceneDelegate.swift in Sources */ = {isa = PBXBuildFile; fileRef = 02DD40E325ED86150060BA75 /* SceneDelegate.swift */; };
		02DD40E625ED86150060BA75 /* ViewController.swift in Sources */ = {isa = PBXBuildFile; fileRef = 02DD40E525ED86150060BA75 /* ViewController.swift */; };
		02DD40EB25ED86180060BA75 /* Assets.xcassets in Resources */ = {isa = PBXBuildFile; fileRef = 02DD40EA25ED86180060BA75 /* Assets.xcassets */; };
		02DD40EE25ED86180060BA75 /* LaunchScreen.storyboard in Resources */ = {isa = PBXBuildFile; fileRef = 02DD40EC25ED86180060BA75 /* LaunchScreen.storyboard */; };
		02DD412925EED33D0060BA75 /* AppCoordinator.swift in Sources */ = {isa = PBXBuildFile; fileRef = 02DD412825EED33D0060BA75 /* AppCoordinator.swift */; };
		02DD413225EEDD150060BA75 /* OnboardingView.swift in Sources */ = {isa = PBXBuildFile; fileRef = 02DD413125EEDD150060BA75 /* OnboardingView.swift */; };
		02DD413625EEDD400060BA75 /* View.swift in Sources */ = {isa = PBXBuildFile; fileRef = 02DD413525EEDD400060BA75 /* View.swift */; };
		02DD414025EEDF310060BA75 /* lamp-outline.json in Resources */ = {isa = PBXBuildFile; fileRef = 02DD413D25EEDF310060BA75 /* lamp-outline.json */; };
		02DD414125EEDF310060BA75 /* loading.json in Resources */ = {isa = PBXBuildFile; fileRef = 02DD413E25EEDF310060BA75 /* loading.json */; };
		02DD414225EEDF310060BA75 /* success.json in Resources */ = {isa = PBXBuildFile; fileRef = 02DD413F25EEDF310060BA75 /* success.json */; };
		02DD414525EEDF8B0060BA75 /* OnboardingViewController.swift in Sources */ = {isa = PBXBuildFile; fileRef = 02DD414425EEDF8B0060BA75 /* OnboardingViewController.swift */; };
		02DD415825F0164A0060BA75 /* GoogleService-Info.plist in Resources */ = {isa = PBXBuildFile; fileRef = 02DD415725F016490060BA75 /* GoogleService-Info.plist */; };
		02DD418F25F02C930060BA75 /* MainViewController.swift in Sources */ = {isa = PBXBuildFile; fileRef = 02DD418E25F02C920060BA75 /* MainViewController.swift */; };
		02DD419225F02CAB0060BA75 /* MainViewController+Tab.swift in Sources */ = {isa = PBXBuildFile; fileRef = 02DD419125F02CAB0060BA75 /* MainViewController+Tab.swift */; };
		02DD419825F02F070060BA75 /* HomeViewController.swift in Sources */ = {isa = PBXBuildFile; fileRef = 02DD419725F02F070060BA75 /* HomeViewController.swift */; };
		02DD41CD25F18A2E0060BA75 /* Configurable+Extensions.swift in Sources */ = {isa = PBXBuildFile; fileRef = 02DD41CC25F18A2E0060BA75 /* Configurable+Extensions.swift */; };
		02DD41D325F18AEB0060BA75 /* UIView+Extensions.swift in Sources */ = {isa = PBXBuildFile; fileRef = 02DD41D225F18AEB0060BA75 /* UIView+Extensions.swift */; };
		6D6E51CFEED55712E6598EF3 /* Pods_Smart_Home.framework in Frameworks */ = {isa = PBXBuildFile; fileRef = D261C5B4D36190D471C653E9 /* Pods_Smart_Home.framework */; };
/* End PBXBuildFile section */

/* Begin PBXFileReference section */
		024C6BC325FCC43C0054ADFF /* UIViewController+Extensions.swift */ = {isa = PBXFileReference; lastKnownFileType = sourcecode.swift; path = "UIViewController+Extensions.swift"; sourceTree = "<group>"; };
		02617AEA25FAA08800430385 /* DeviceCell.swift */ = {isa = PBXFileReference; lastKnownFileType = sourcecode.swift; path = DeviceCell.swift; sourceTree = "<group>"; };
		02617AEE25FAA0B400430385 /* CollectionViewCell.swift */ = {isa = PBXFileReference; lastKnownFileType = sourcecode.swift; path = CollectionViewCell.swift; sourceTree = "<group>"; };
		02617AF125FAA0D700430385 /* Reusable+Extensions.swift */ = {isa = PBXFileReference; lastKnownFileType = sourcecode.swift; path = "Reusable+Extensions.swift"; sourceTree = "<group>"; };
		02617AF425FAA3F600430385 /* DeviceCellViewModel.swift */ = {isa = PBXFileReference; lastKnownFileType = sourcecode.swift; path = DeviceCellViewModel.swift; sourceTree = "<group>"; };
		02617AF725FAA64F00430385 /* UICollectionView+Extensions.swift */ = {isa = PBXFileReference; lastKnownFileType = sourcecode.swift; path = "UICollectionView+Extensions.swift"; sourceTree = "<group>"; };
		02617AFA25FAA6A200430385 /* HomeViewModel.swift */ = {isa = PBXFileReference; lastKnownFileType = sourcecode.swift; path = HomeViewModel.swift; sourceTree = "<group>"; };
		02617AFE25FAAD6400430385 /* HTTPMethod.swift */ = {isa = PBXFileReference; lastKnownFileType = sourcecode.swift; path = HTTPMethod.swift; sourceTree = "<group>"; };
		02617B0225FAADBE00430385 /* HTTPHeaders.swift */ = {isa = PBXFileReference; lastKnownFileType = sourcecode.swift; path = HTTPHeaders.swift; sourceTree = "<group>"; };
		02617B0525FAAE0700430385 /* Request.swift */ = {isa = PBXFileReference; lastKnownFileType = sourcecode.swift; path = Request.swift; sourceTree = "<group>"; };
		02617B0925FAAE3F00430385 /* JSONData+Extensions.swift */ = {isa = PBXFileReference; lastKnownFileType = sourcecode.swift; path = "JSONData+Extensions.swift"; sourceTree = "<group>"; };
		02617B0C25FAAEF700430385 /* Networking.swift */ = {isa = PBXFileReference; lastKnownFileType = sourcecode.swift; path = Networking.swift; sourceTree = "<group>"; };
		02617B1025FAAF0E00430385 /* NetworkError.swift */ = {isa = PBXFileReference; lastKnownFileType = sourcecode.swift; path = NetworkError.swift; sourceTree = "<group>"; };
		02617B1425FAAF5800430385 /* DevicesRequest.swift */ = {isa = PBXFileReference; lastKnownFileType = sourcecode.swift; path = DevicesRequest.swift; sourceTree = "<group>"; };
		02617B1825FAAFF200430385 /* DevicesResponse.swift */ = {isa = PBXFileReference; lastKnownFileType = sourcecode.swift; path = DevicesResponse.swift; sourceTree = "<group>"; };
		02617B1B25FAB15900430385 /* OpenGateResponse.swift */ = {isa = PBXFileReference; lastKnownFileType = sourcecode.swift; path = OpenGateResponse.swift; sourceTree = "<group>"; };
		02617B1E25FAB7DF00430385 /* CollectionView.swift */ = {isa = PBXFileReference; lastKnownFileType = sourcecode.swift; path = CollectionView.swift; sourceTree = "<group>"; };
		02DD40DE25ED86150060BA75 /* Smart Home.app */ = {isa = PBXFileReference; explicitFileType = wrapper.application; includeInIndex = 0; path = "Smart Home.app"; sourceTree = BUILT_PRODUCTS_DIR; };
		02DD40E125ED86150060BA75 /* AppDelegate.swift */ = {isa = PBXFileReference; lastKnownFileType = sourcecode.swift; path = AppDelegate.swift; sourceTree = "<group>"; };
		02DD40E325ED86150060BA75 /* SceneDelegate.swift */ = {isa = PBXFileReference; lastKnownFileType = sourcecode.swift; path = SceneDelegate.swift; sourceTree = "<group>"; };
		02DD40E525ED86150060BA75 /* ViewController.swift */ = {isa = PBXFileReference; lastKnownFileType = sourcecode.swift; path = ViewController.swift; sourceTree = "<group>"; };
		02DD40EA25ED86180060BA75 /* Assets.xcassets */ = {isa = PBXFileReference; lastKnownFileType = folder.assetcatalog; path = Assets.xcassets; sourceTree = "<group>"; };
		02DD40ED25ED86180060BA75 /* Base */ = {isa = PBXFileReference; lastKnownFileType = file.storyboard; name = Base; path = Base.lproj/LaunchScreen.storyboard; sourceTree = "<group>"; };
		02DD40EF25ED86180060BA75 /* Info.plist */ = {isa = PBXFileReference; lastKnownFileType = text.plist.xml; path = Info.plist; sourceTree = "<group>"; };
		02DD412825EED33D0060BA75 /* AppCoordinator.swift */ = {isa = PBXFileReference; lastKnownFileType = sourcecode.swift; path = AppCoordinator.swift; sourceTree = "<group>"; };
		02DD413125EEDD150060BA75 /* OnboardingView.swift */ = {isa = PBXFileReference; lastKnownFileType = sourcecode.swift; path = OnboardingView.swift; sourceTree = "<group>"; };
		02DD413525EEDD400060BA75 /* View.swift */ = {isa = PBXFileReference; lastKnownFileType = sourcecode.swift; path = View.swift; sourceTree = "<group>"; };
		02DD413D25EEDF310060BA75 /* lamp-outline.json */ = {isa = PBXFileReference; fileEncoding = 4; lastKnownFileType = text.json; path = "lamp-outline.json"; sourceTree = "<group>"; };
		02DD413E25EEDF310060BA75 /* loading.json */ = {isa = PBXFileReference; fileEncoding = 4; lastKnownFileType = text.json; path = loading.json; sourceTree = "<group>"; };
		02DD413F25EEDF310060BA75 /* success.json */ = {isa = PBXFileReference; fileEncoding = 4; lastKnownFileType = text.json; path = success.json; sourceTree = "<group>"; };
		02DD414425EEDF8B0060BA75 /* OnboardingViewController.swift */ = {isa = PBXFileReference; lastKnownFileType = sourcecode.swift; path = OnboardingViewController.swift; sourceTree = "<group>"; };
		02DD415725F016490060BA75 /* GoogleService-Info.plist */ = {isa = PBXFileReference; fileEncoding = 4; lastKnownFileType = text.plist.xml; path = "GoogleService-Info.plist"; sourceTree = "<group>"; };
		02DD418E25F02C920060BA75 /* MainViewController.swift */ = {isa = PBXFileReference; lastKnownFileType = sourcecode.swift; path = MainViewController.swift; sourceTree = "<group>"; };
		02DD419125F02CAB0060BA75 /* MainViewController+Tab.swift */ = {isa = PBXFileReference; lastKnownFileType = sourcecode.swift; path = "MainViewController+Tab.swift"; sourceTree = "<group>"; };
		02DD419725F02F070060BA75 /* HomeViewController.swift */ = {isa = PBXFileReference; lastKnownFileType = sourcecode.swift; path = HomeViewController.swift; sourceTree = "<group>"; };
		02DD41CC25F18A2E0060BA75 /* Configurable+Extensions.swift */ = {isa = PBXFileReference; lastKnownFileType = sourcecode.swift; path = "Configurable+Extensions.swift"; sourceTree = "<group>"; };
		02DD41D225F18AEB0060BA75 /* UIView+Extensions.swift */ = {isa = PBXFileReference; lastKnownFileType = sourcecode.swift; path = "UIView+Extensions.swift"; sourceTree = "<group>"; };
		621BD0D63AB4581F338823F6 /* Pods-Smart Home.debug.xcconfig */ = {isa = PBXFileReference; includeInIndex = 1; lastKnownFileType = text.xcconfig; name = "Pods-Smart Home.debug.xcconfig"; path = "Target Support Files/Pods-Smart Home/Pods-Smart Home.debug.xcconfig"; sourceTree = "<group>"; };
		D261C5B4D36190D471C653E9 /* Pods_Smart_Home.framework */ = {isa = PBXFileReference; explicitFileType = wrapper.framework; includeInIndex = 0; path = Pods_Smart_Home.framework; sourceTree = BUILT_PRODUCTS_DIR; };
		D9F9FFCE55FB62F75EE0AC18 /* Pods-Smart Home.release.xcconfig */ = {isa = PBXFileReference; includeInIndex = 1; lastKnownFileType = text.xcconfig; name = "Pods-Smart Home.release.xcconfig"; path = "Target Support Files/Pods-Smart Home/Pods-Smart Home.release.xcconfig"; sourceTree = "<group>"; };
/* End PBXFileReference section */

/* Begin PBXFrameworksBuildPhase section */
		02DD40DB25ED86150060BA75 /* Frameworks */ = {
			isa = PBXFrameworksBuildPhase;
			buildActionMask = 2147483647;
			files = (
				6D6E51CFEED55712E6598EF3 /* Pods_Smart_Home.framework in Frameworks */,
			);
			runOnlyForDeploymentPostprocessing = 0;
		};
/* End PBXFrameworksBuildPhase section */

/* Begin PBXGroup section */
		02617AE925FAA03900430385 /* Cell */ = {
			isa = PBXGroup;
			children = (
				02617AEA25FAA08800430385 /* DeviceCell.swift */,
				02617AF425FAA3F600430385 /* DeviceCellViewModel.swift */,
			);
			path = Cell;
			sourceTree = "<group>";
		};
		02617AFD25FAAD2300430385 /* Networking */ = {
			isa = PBXGroup;
			children = (
				02617B1325FAAF2700430385 /* Requests */,
				02617B1725FAAFCF00430385 /* Response */,
				02617B0125FAADB300430385 /* HTTP */,
				02617B0525FAAE0700430385 /* Request.swift */,
				02617B0C25FAAEF700430385 /* Networking.swift */,
				02617B1025FAAF0E00430385 /* NetworkError.swift */,
			);
			path = Networking;
			sourceTree = "<group>";
		};
		02617B0125FAADB300430385 /* HTTP */ = {
			isa = PBXGroup;
			children = (
				02617AFE25FAAD6400430385 /* HTTPMethod.swift */,
				02617B0225FAADBE00430385 /* HTTPHeaders.swift */,
			);
			path = HTTP;
			sourceTree = "<group>";
		};
		02617B0825FAAE2600430385 /* Networking */ = {
			isa = PBXGroup;
			children = (
				02617B0925FAAE3F00430385 /* JSONData+Extensions.swift */,
			);
			path = Networking;
			sourceTree = "<group>";
		};
		02617B1325FAAF2700430385 /* Requests */ = {
			isa = PBXGroup;
			children = (
				02617B1425FAAF5800430385 /* DevicesRequest.swift */,
			);
			path = Requests;
			sourceTree = "<group>";
		};
		02617B1725FAAFCF00430385 /* Response */ = {
			isa = PBXGroup;
			children = (
				02617B1825FAAFF200430385 /* DevicesResponse.swift */,
				02617B1B25FAB15900430385 /* OpenGateResponse.swift */,
			);
			path = Response;
			sourceTree = "<group>";
		};
		02DD40D525ED86150060BA75 = {
			isa = PBXGroup;
			children = (
				02DD40E025ED86150060BA75 /* Smart Home */,
				02DD40DF25ED86150060BA75 /* Products */,
				E48D75D21576EDD79CA27862 /* Pods */,
				DF574F055DB57EE6A9E94633 /* Frameworks */,
			);
			sourceTree = "<group>";
		};
		02DD40DF25ED86150060BA75 /* Products */ = {
			isa = PBXGroup;
			children = (
				02DD40DE25ED86150060BA75 /* Smart Home.app */,
			);
			name = Products;
			sourceTree = "<group>";
		};
		02DD40E025ED86150060BA75 /* Smart Home */ = {
			isa = PBXGroup;
			children = (
				02DD41CF25F18A360060BA75 /* Extensions */,
				02DD412725EED31B0060BA75 /* Coordinators */,
				02DD413425EEDD340060BA75 /* Base */,
				02617AFD25FAAD2300430385 /* Networking */,
				02DD412F25EEDCFB0060BA75 /* Main */,
				02DD413C25EEDF310060BA75 /* Resource */,
				02DD40E125ED86150060BA75 /* AppDelegate.swift */,
				02DD40E325ED86150060BA75 /* SceneDelegate.swift */,
				02DD40EA25ED86180060BA75 /* Assets.xcassets */,
				02DD40EC25ED86180060BA75 /* LaunchScreen.storyboard */,
				02DD40EF25ED86180060BA75 /* Info.plist */,
				02DD415725F016490060BA75 /* GoogleService-Info.plist */,
			);
			path = "Smart Home";
			sourceTree = "<group>";
		};
		02DD412725EED31B0060BA75 /* Coordinators */ = {
			isa = PBXGroup;
			children = (
				02DD412825EED33D0060BA75 /* AppCoordinator.swift */,
			);
			path = Coordinators;
			sourceTree = "<group>";
		};
		02DD412F25EEDCFB0060BA75 /* Main */ = {
			isa = PBXGroup;
			children = (
				02DD418E25F02C920060BA75 /* MainViewController.swift */,
				02DD419125F02CAB0060BA75 /* MainViewController+Tab.swift */,
				02DD413025EEDD060060BA75 /* Onboarding */,
				02DD419625F02EE80060BA75 /* Home */,
			);
			path = Main;
			sourceTree = "<group>";
		};
		02DD413025EEDD060060BA75 /* Onboarding */ = {
			isa = PBXGroup;
			children = (
				02DD413125EEDD150060BA75 /* OnboardingView.swift */,
				02DD414425EEDF8B0060BA75 /* OnboardingViewController.swift */,
			);
			path = Onboarding;
			sourceTree = "<group>";
		};
		02DD413425EEDD340060BA75 /* Base */ = {
			isa = PBXGroup;
			children = (
				02DD413525EEDD400060BA75 /* View.swift */,
				02DD40E525ED86150060BA75 /* ViewController.swift */,
				02617AEE25FAA0B400430385 /* CollectionViewCell.swift */,
				02617B1E25FAB7DF00430385 /* CollectionView.swift */,
			);
			path = Base;
			sourceTree = "<group>";
		};
		02DD413C25EEDF310060BA75 /* Resource */ = {
			isa = PBXGroup;
			children = (
				02DD413D25EEDF310060BA75 /* lamp-outline.json */,
				02DD413E25EEDF310060BA75 /* loading.json */,
				02DD413F25EEDF310060BA75 /* success.json */,
			);
			name = Resource;
			path = "Smart Home/Resource";
			sourceTree = SOURCE_ROOT;
		};
		02DD419625F02EE80060BA75 /* Home */ = {
			isa = PBXGroup;
			children = (
				02617AE925FAA03900430385 /* Cell */,
				02DD419725F02F070060BA75 /* HomeViewController.swift */,
				02617AFA25FAA6A200430385 /* HomeViewModel.swift */,
			);
			path = Home;
			sourceTree = "<group>";
		};
		02DD41CF25F18A360060BA75 /* Extensions */ = {
			isa = PBXGroup;
			children = (
				02617B0825FAAE2600430385 /* Networking */,
				02DD41CC25F18A2E0060BA75 /* Configurable+Extensions.swift */,
				02DD41D225F18AEB0060BA75 /* UIView+Extensions.swift */,
				02617AF125FAA0D700430385 /* Reusable+Extensions.swift */,
				02617AF725FAA64F00430385 /* UICollectionView+Extensions.swift */,
				024C6BC325FCC43C0054ADFF /* UIViewController+Extensions.swift */,
			);
			path = Extensions;
			sourceTree = "<group>";
		};
		DF574F055DB57EE6A9E94633 /* Frameworks */ = {
			isa = PBXGroup;
			children = (
				D261C5B4D36190D471C653E9 /* Pods_Smart_Home.framework */,
			);
			name = Frameworks;
			sourceTree = "<group>";
		};
		E48D75D21576EDD79CA27862 /* Pods */ = {
			isa = PBXGroup;
			children = (
				621BD0D63AB4581F338823F6 /* Pods-Smart Home.debug.xcconfig */,
				D9F9FFCE55FB62F75EE0AC18 /* Pods-Smart Home.release.xcconfig */,
			);
			path = Pods;
			sourceTree = "<group>";
		};
/* End PBXGroup section */

/* Begin PBXNativeTarget section */
		02DD40DD25ED86150060BA75 /* Smart Home */ = {
			isa = PBXNativeTarget;
			buildConfigurationList = 02DD40F225ED86180060BA75 /* Build configuration list for PBXNativeTarget "Smart Home" */;
			buildPhases = (
				893BFD832B7ECF10ED9EA521 /* [CP] Check Pods Manifest.lock */,
				02DD40DA25ED86150060BA75 /* Sources */,
				02DD40DB25ED86150060BA75 /* Frameworks */,
				02DD40DC25ED86150060BA75 /* Resources */,
				311E326E4202B774EEC46E27 /* [CP] Embed Pods Frameworks */,
			);
			buildRules = (
			);
			dependencies = (
			);
			name = "Smart Home";
			productName = "Smart Home";
			productReference = 02DD40DE25ED86150060BA75 /* Smart Home.app */;
			productType = "com.apple.product-type.application";
		};
/* End PBXNativeTarget section */

/* Begin PBXProject section */
		02DD40D625ED86150060BA75 /* Project object */ = {
			isa = PBXProject;
			attributes = {
				LastSwiftUpdateCheck = 1200;
				LastUpgradeCheck = 1200;
				TargetAttributes = {
					02DD40DD25ED86150060BA75 = {
						CreatedOnToolsVersion = 12.0;
					};
				};
			};
			buildConfigurationList = 02DD40D925ED86150060BA75 /* Build configuration list for PBXProject "Smart Home" */;
			compatibilityVersion = "Xcode 9.3";
			developmentRegion = en;
			hasScannedForEncodings = 0;
			knownRegions = (
				en,
				Base,
			);
			mainGroup = 02DD40D525ED86150060BA75;
			productRefGroup = 02DD40DF25ED86150060BA75 /* Products */;
			projectDirPath = "";
			projectRoot = "";
			targets = (
				02DD40DD25ED86150060BA75 /* Smart Home */,
			);
		};
/* End PBXProject section */

/* Begin PBXResourcesBuildPhase section */
		02DD40DC25ED86150060BA75 /* Resources */ = {
			isa = PBXResourcesBuildPhase;
			buildActionMask = 2147483647;
			files = (
				02DD414225EEDF310060BA75 /* success.json in Resources */,
				02DD40EE25ED86180060BA75 /* LaunchScreen.storyboard in Resources */,
				02DD414025EEDF310060BA75 /* lamp-outline.json in Resources */,
				02DD414125EEDF310060BA75 /* loading.json in Resources */,
				02DD40EB25ED86180060BA75 /* Assets.xcassets in Resources */,
				02DD415825F0164A0060BA75 /* GoogleService-Info.plist in Resources */,
			);
			runOnlyForDeploymentPostprocessing = 0;
		};
/* End PBXResourcesBuildPhase section */

/* Begin PBXShellScriptBuildPhase section */
		311E326E4202B774EEC46E27 /* [CP] Embed Pods Frameworks */ = {
			isa = PBXShellScriptBuildPhase;
			buildActionMask = 2147483647;
			files = (
			);
			inputFileListPaths = (
				"${PODS_ROOT}/Target Support Files/Pods-Smart Home/Pods-Smart Home-frameworks-${CONFIGURATION}-input-files.xcfilelist",
			);
			name = "[CP] Embed Pods Frameworks";
			outputFileListPaths = (
				"${PODS_ROOT}/Target Support Files/Pods-Smart Home/Pods-Smart Home-frameworks-${CONFIGURATION}-output-files.xcfilelist",
			);
			runOnlyForDeploymentPostprocessing = 0;
			shellPath = /bin/sh;
			shellScript = "\"${PODS_ROOT}/Target Support Files/Pods-Smart Home/Pods-Smart Home-frameworks.sh\"\n";
			showEnvVarsInLog = 0;
		};
		893BFD832B7ECF10ED9EA521 /* [CP] Check Pods Manifest.lock */ = {
			isa = PBXShellScriptBuildPhase;
			buildActionMask = 2147483647;
			files = (
			);
			inputFileListPaths = (
			);
			inputPaths = (
				"${PODS_PODFILE_DIR_PATH}/Podfile.lock",
				"${PODS_ROOT}/Manifest.lock",
			);
			name = "[CP] Check Pods Manifest.lock";
			outputFileListPaths = (
			);
			outputPaths = (
				"$(DERIVED_FILE_DIR)/Pods-Smart Home-checkManifestLockResult.txt",
			);
			runOnlyForDeploymentPostprocessing = 0;
			shellPath = /bin/sh;
			shellScript = "diff \"${PODS_PODFILE_DIR_PATH}/Podfile.lock\" \"${PODS_ROOT}/Manifest.lock\" > /dev/null\nif [ $? != 0 ] ; then\n    # print error to STDERR\n    echo \"error: The sandbox is not in sync with the Podfile.lock. Run 'pod install' or update your CocoaPods installation.\" >&2\n    exit 1\nfi\n# This output is used by Xcode 'outputs' to avoid re-running this script phase.\necho \"SUCCESS\" > \"${SCRIPT_OUTPUT_FILE_0}\"\n";
			showEnvVarsInLog = 0;
		};
/* End PBXShellScriptBuildPhase section */

/* Begin PBXSourcesBuildPhase section */
		02DD40DA25ED86150060BA75 /* Sources */ = {
			isa = PBXSourcesBuildPhase;
			buildActionMask = 2147483647;
			files = (
				02617AFF25FAAD6400430385 /* HTTPMethod.swift in Sources */,
				02617AF525FAA3F600430385 /* DeviceCellViewModel.swift in Sources */,
				02617B1F25FAB7DF00430385 /* CollectionView.swift in Sources */,
				02617AFB25FAA6A200430385 /* HomeViewModel.swift in Sources */,
				02617AF825FAA64F00430385 /* UICollectionView+Extensions.swift in Sources */,
				02617B1925FAAFF200430385 /* DevicesResponse.swift in Sources */,
				02617B0625FAAE0700430385 /* Request.swift in Sources */,
				02DD412925EED33D0060BA75 /* AppCoordinator.swift in Sources */,
				02DD40E625ED86150060BA75 /* ViewController.swift in Sources */,
				02617B0D25FAAEF700430385 /* Networking.swift in Sources */,
				02DD419225F02CAB0060BA75 /* MainViewController+Tab.swift in Sources */,
				02617B1125FAAF0E00430385 /* NetworkError.swift in Sources */,
				02DD413625EEDD400060BA75 /* View.swift in Sources */,
				02DD40E225ED86150060BA75 /* AppDelegate.swift in Sources */,
				02617AEB25FAA08800430385 /* DeviceCell.swift in Sources */,
				02DD41D325F18AEB0060BA75 /* UIView+Extensions.swift in Sources */,
				02617AF225FAA0D700430385 /* Reusable+Extensions.swift in Sources */,
				02617B1C25FAB15900430385 /* OpenGateResponse.swift in Sources */,
				02617B0325FAADBE00430385 /* HTTPHeaders.swift in Sources */,
				02DD419825F02F070060BA75 /* HomeViewController.swift in Sources */,
				02DD414525EEDF8B0060BA75 /* OnboardingViewController.swift in Sources */,
				02617B1525FAAF5800430385 /* DevicesRequest.swift in Sources */,
				02DD41CD25F18A2E0060BA75 /* Configurable+Extensions.swift in Sources */,
				02617B0A25FAAE3F00430385 /* JSONData+Extensions.swift in Sources */,
				02617AEF25FAA0B400430385 /* CollectionViewCell.swift in Sources */,
				02DD413225EEDD150060BA75 /* OnboardingView.swift in Sources */,
				02DD40E425ED86150060BA75 /* SceneDelegate.swift in Sources */,
				02DD418F25F02C930060BA75 /* MainViewController.swift in Sources */,
				024C6BC425FCC43C0054ADFF /* UIViewController+Extensions.swift in Sources */,
			);
			runOnlyForDeploymentPostprocessing = 0;
		};
/* End PBXSourcesBuildPhase section */

/* Begin PBXVariantGroup section */
		02DD40EC25ED86180060BA75 /* LaunchScreen.storyboard */ = {
			isa = PBXVariantGroup;
			children = (
				02DD40ED25ED86180060BA75 /* Base */,
			);
			name = LaunchScreen.storyboard;
			sourceTree = "<group>";
		};
/* End PBXVariantGroup section */

/* Begin XCBuildConfiguration section */
		02DD40F025ED86180060BA75 /* Debug */ = {
			isa = XCBuildConfiguration;
			buildSettings = {
				ALWAYS_SEARCH_USER_PATHS = NO;
				CLANG_ANALYZER_NONNULL = YES;
				CLANG_ANALYZER_NUMBER_OBJECT_CONVERSION = YES_AGGRESSIVE;
				CLANG_CXX_LANGUAGE_STANDARD = "gnu++14";
				CLANG_CXX_LIBRARY = "libc++";
				CLANG_ENABLE_MODULES = YES;
				CLANG_ENABLE_OBJC_ARC = YES;
				CLANG_ENABLE_OBJC_WEAK = YES;
				CLANG_WARN_BLOCK_CAPTURE_AUTORELEASING = YES;
				CLANG_WARN_BOOL_CONVERSION = YES;
				CLANG_WARN_COMMA = YES;
				CLANG_WARN_CONSTANT_CONVERSION = YES;
				CLANG_WARN_DEPRECATED_OBJC_IMPLEMENTATIONS = YES;
				CLANG_WARN_DIRECT_OBJC_ISA_USAGE = YES_ERROR;
				CLANG_WARN_DOCUMENTATION_COMMENTS = YES;
				CLANG_WARN_EMPTY_BODY = YES;
				CLANG_WARN_ENUM_CONVERSION = YES;
				CLANG_WARN_INFINITE_RECURSION = YES;
				CLANG_WARN_INT_CONVERSION = YES;
				CLANG_WARN_NON_LITERAL_NULL_CONVERSION = YES;
				CLANG_WARN_OBJC_IMPLICIT_RETAIN_SELF = YES;
				CLANG_WARN_OBJC_LITERAL_CONVERSION = YES;
				CLANG_WARN_OBJC_ROOT_CLASS = YES_ERROR;
				CLANG_WARN_QUOTED_INCLUDE_IN_FRAMEWORK_HEADER = YES;
				CLANG_WARN_RANGE_LOOP_ANALYSIS = YES;
				CLANG_WARN_STRICT_PROTOTYPES = YES;
				CLANG_WARN_SUSPICIOUS_MOVE = YES;
				CLANG_WARN_UNGUARDED_AVAILABILITY = YES_AGGRESSIVE;
				CLANG_WARN_UNREACHABLE_CODE = YES;
				CLANG_WARN__DUPLICATE_METHOD_MATCH = YES;
				COPY_PHASE_STRIP = NO;
				DEBUG_INFORMATION_FORMAT = dwarf;
				ENABLE_STRICT_OBJC_MSGSEND = YES;
				ENABLE_TESTABILITY = YES;
				GCC_C_LANGUAGE_STANDARD = gnu11;
				GCC_DYNAMIC_NO_PIC = NO;
				GCC_NO_COMMON_BLOCKS = YES;
				GCC_OPTIMIZATION_LEVEL = 0;
				GCC_PREPROCESSOR_DEFINITIONS = (
					"DEBUG=1",
					"$(inherited)",
				);
				GCC_WARN_64_TO_32_BIT_CONVERSION = YES;
				GCC_WARN_ABOUT_RETURN_TYPE = YES_ERROR;
				GCC_WARN_UNDECLARED_SELECTOR = YES;
				GCC_WARN_UNINITIALIZED_AUTOS = YES_AGGRESSIVE;
				GCC_WARN_UNUSED_FUNCTION = YES;
				GCC_WARN_UNUSED_VARIABLE = YES;
				IPHONEOS_DEPLOYMENT_TARGET = 14.0;
				MTL_ENABLE_DEBUG_INFO = INCLUDE_SOURCE;
				MTL_FAST_MATH = YES;
				ONLY_ACTIVE_ARCH = YES;
				SDKROOT = iphoneos;
				SWIFT_ACTIVE_COMPILATION_CONDITIONS = DEBUG;
				SWIFT_OPTIMIZATION_LEVEL = "-Onone";
			};
			name = Debug;
		};
		02DD40F125ED86180060BA75 /* Release */ = {
			isa = XCBuildConfiguration;
			buildSettings = {
				ALWAYS_SEARCH_USER_PATHS = NO;
				CLANG_ANALYZER_NONNULL = YES;
				CLANG_ANALYZER_NUMBER_OBJECT_CONVERSION = YES_AGGRESSIVE;
				CLANG_CXX_LANGUAGE_STANDARD = "gnu++14";
				CLANG_CXX_LIBRARY = "libc++";
				CLANG_ENABLE_MODULES = YES;
				CLANG_ENABLE_OBJC_ARC = YES;
				CLANG_ENABLE_OBJC_WEAK = YES;
				CLANG_WARN_BLOCK_CAPTURE_AUTORELEASING = YES;
				CLANG_WARN_BOOL_CONVERSION = YES;
				CLANG_WARN_COMMA = YES;
				CLANG_WARN_CONSTANT_CONVERSION = YES;
				CLANG_WARN_DEPRECATED_OBJC_IMPLEMENTATIONS = YES;
				CLANG_WARN_DIRECT_OBJC_ISA_USAGE = YES_ERROR;
				CLANG_WARN_DOCUMENTATION_COMMENTS = YES;
				CLANG_WARN_EMPTY_BODY = YES;
				CLANG_WARN_ENUM_CONVERSION = YES;
				CLANG_WARN_INFINITE_RECURSION = YES;
				CLANG_WARN_INT_CONVERSION = YES;
				CLANG_WARN_NON_LITERAL_NULL_CONVERSION = YES;
				CLANG_WARN_OBJC_IMPLICIT_RETAIN_SELF = YES;
				CLANG_WARN_OBJC_LITERAL_CONVERSION = YES;
				CLANG_WARN_OBJC_ROOT_CLASS = YES_ERROR;
				CLANG_WARN_QUOTED_INCLUDE_IN_FRAMEWORK_HEADER = YES;
				CLANG_WARN_RANGE_LOOP_ANALYSIS = YES;
				CLANG_WARN_STRICT_PROTOTYPES = YES;
				CLANG_WARN_SUSPICIOUS_MOVE = YES;
				CLANG_WARN_UNGUARDED_AVAILABILITY = YES_AGGRESSIVE;
				CLANG_WARN_UNREACHABLE_CODE = YES;
				CLANG_WARN__DUPLICATE_METHOD_MATCH = YES;
				COPY_PHASE_STRIP = NO;
				DEBUG_INFORMATION_FORMAT = "dwarf-with-dsym";
				ENABLE_NS_ASSERTIONS = NO;
				ENABLE_STRICT_OBJC_MSGSEND = YES;
				GCC_C_LANGUAGE_STANDARD = gnu11;
				GCC_NO_COMMON_BLOCKS = YES;
				GCC_WARN_64_TO_32_BIT_CONVERSION = YES;
				GCC_WARN_ABOUT_RETURN_TYPE = YES_ERROR;
				GCC_WARN_UNDECLARED_SELECTOR = YES;
				GCC_WARN_UNINITIALIZED_AUTOS = YES_AGGRESSIVE;
				GCC_WARN_UNUSED_FUNCTION = YES;
				GCC_WARN_UNUSED_VARIABLE = YES;
				IPHONEOS_DEPLOYMENT_TARGET = 14.0;
				MTL_ENABLE_DEBUG_INFO = NO;
				MTL_FAST_MATH = YES;
				SDKROOT = iphoneos;
				SWIFT_COMPILATION_MODE = wholemodule;
				SWIFT_OPTIMIZATION_LEVEL = "-O";
				VALIDATE_PRODUCT = YES;
			};
			name = Release;
		};
		02DD40F325ED86180060BA75 /* Debug */ = {
			isa = XCBuildConfiguration;
			baseConfigurationReference = 621BD0D63AB4581F338823F6 /* Pods-Smart Home.debug.xcconfig */;
			buildSettings = {
				ASSETCATALOG_COMPILER_APPICON_NAME = AppIcon;
				ASSETCATALOG_COMPILER_GLOBAL_ACCENT_COLOR_NAME = AccentColor;
				CODE_SIGN_STYLE = Automatic;
				INFOPLIST_FILE = "Smart Home/Info.plist";
				IPHONEOS_DEPLOYMENT_TARGET = 13.0;
				LD_RUNPATH_SEARCH_PATHS = (
					"$(inherited)",
					"@executable_path/Frameworks",
				);
				PRODUCT_BUNDLE_IDENTIFIER = "com.app.smart-home";
				PRODUCT_NAME = "$(TARGET_NAME)";
				SWIFT_VERSION = 5.0;
				TARGETED_DEVICE_FAMILY = 1;
			};
			name = Debug;
		};
		02DD40F425ED86180060BA75 /* Release */ = {
			isa = XCBuildConfiguration;
			baseConfigurationReference = D9F9FFCE55FB62F75EE0AC18 /* Pods-Smart Home.release.xcconfig */;
			buildSettings = {
				ASSETCATALOG_COMPILER_APPICON_NAME = AppIcon;
				ASSETCATALOG_COMPILER_GLOBAL_ACCENT_COLOR_NAME = AccentColor;
				CODE_SIGN_STYLE = Automatic;
				INFOPLIST_FILE = "Smart Home/Info.plist";
				IPHONEOS_DEPLOYMENT_TARGET = 13.0;
				LD_RUNPATH_SEARCH_PATHS = (
					"$(inherited)",
					"@executable_path/Frameworks",
				);
				PRODUCT_BUNDLE_IDENTIFIER = "com.app.smart-home";
				PRODUCT_NAME = "$(TARGET_NAME)";
				SWIFT_VERSION = 5.0;
				TARGETED_DEVICE_FAMILY = 1;
			};
			name = Release;
		};
/* End XCBuildConfiguration section */

/* Begin XCConfigurationList section */
		02DD40D925ED86150060BA75 /* Build configuration list for PBXProject "Smart Home" */ = {
			isa = XCConfigurationList;
			buildConfigurations = (
				02DD40F025ED86180060BA75 /* Debug */,
				02DD40F125ED86180060BA75 /* Release */,
			);
			defaultConfigurationIsVisible = 0;
			defaultConfigurationName = Release;
		};
		02DD40F225ED86180060BA75 /* Build configuration list for PBXNativeTarget "Smart Home" */ = {
			isa = XCConfigurationList;
			buildConfigurations = (
				02DD40F325ED86180060BA75 /* Debug */,
				02DD40F425ED86180060BA75 /* Release */,
			);
			defaultConfigurationIsVisible = 0;
			defaultConfigurationName = Release;
		};
/* End XCConfigurationList section */
	};
	rootObject = 02DD40D625ED86150060BA75 /* Project object */;
}
